
Microsoft Visual Studio Solution File, Format Version 12.00
# Visual Studio Version 17
VisualStudioVersion = 17.9.34701.34
MinimumVisualStudioVersion = 10.0.40219.1
Project("{FAE04EC0-301F-11D3-BF4B-00C04F79EFBC}") = "WindowsFormsApp2", "WindowsFormsApp2\WindowsFormsApp2.csproj", "{A467AF84-F744-4833-8E17-A393E1D98E69}"
EndProject
Global
	GlobalSection(SolutionConfigurationPlatforms) = preSolution
		Debug|Any CPU = Debug|Any CPU
		Release|Any CPU = Release|Any CPU
	EndGlobalSection
	GlobalSection(ProjectConfigurationPlatforms) = postSolution
		{A467AF84-F744-4833-8E17-A393E1D98E69}.Debug|Any CPU.ActiveCfg = Debug|Any CPU
		{A467AF84-F744-4833-8E17-A393E1D98E69}.Debug|Any CPU.Build.0 = Debug|Any CPU
		{A467AF84-F744-4833-8E17-A393E1D98E69}.Release|Any CPU.ActiveCfg = Release|Any CPU
		{A467AF84-F744-4833-8E17-A393E1D98E69}.Release|Any CPU.Build.0 = Release|Any CPU
	EndGlobalSection
	GlobalSection(SolutionProperties) = preSolution
		HideSolutionNode = FALSE
	EndGlobalSection
	GlobalSection(ExtensibilityGlobals) = postSolution
		SolutionGuid = {001A0321-8C1C-459B-8ADF-64A645323009}
	EndGlobalSection
EndGlobal
